
Microsoft Visual Studio Solution File, Format Version 11.00
# Visual Studio 2010
Project("{FAE04EC0-301F-11D3-BF4B-00C04F79EFBC}") = "Web.UI", "Web.UI\Web.UI.csproj", "{DB4083D9-6B6C-4137-A629-AB87D35AB763}"
EndProject
Project("{FAE04EC0-301F-11D3-BF4B-00C04F79EFBC}") = "Core", "Core\Core.csproj", "{D7228C73-AE50-494B-82A7-F8C558C3CDCC}"
EndProject
Global
	GlobalSection(SolutionConfigurationPlatforms) = preSolution
		Debug|Any CPU = Debug|Any CPU
		Release|Any CPU = Release|Any CPU
	EndGlobalSection
	GlobalSection(ProjectConfigurationPlatforms) = postSolution
		{DB4083D9-6B6C-4137-A629-AB87D35AB763}.Debug|Any CPU.ActiveCfg = Debug|Any CPU
		{DB4083D9-6B6C-4137-A629-AB87D35AB763}.Debug|Any CPU.Build.0 = Debug|Any CPU
		{DB4083D9-6B6C-4137-A629-AB87D35AB763}.Release|Any CPU.ActiveCfg = Release|Any CPU
		{DB4083D9-6B6C-4137-A629-AB87D35AB763}.Release|Any CPU.Build.0 = Release|Any CPU
		{D7228C73-AE50-494B-82A7-F8C558C3CDCC}.Debug|Any CPU.ActiveCfg = Debug|Any CPU
		{D7228C73-AE50-494B-82A7-F8C558C3CDCC}.Debug|Any CPU.Build.0 = Debug|Any CPU
		{D7228C73-AE50-494B-82A7-F8C558C3CDCC}.Release|Any CPU.ActiveCfg = Release|Any CPU
		{D7228C73-AE50-494B-82A7-F8C558C3CDCC}.Release|Any CPU.Build.0 = Release|Any CPU
	EndGlobalSection
	GlobalSection(SolutionProperties) = preSolution
		HideSolutionNode = FALSE
	EndGlobalSection
EndGlobal
